// !$*UTF8*$!
{
	archiveVersion = 1;
	classes = {
	};
	objectVersion = 46;
	objects = {

/* Begin PBXBuildFile section */
		A933E7621DDBB4B600A59DF1 /* AppDelegate.swift in Sources */ = {isa = PBXBuildFile; fileRef = A933E7611DDBB4B600A59DF1 /* AppDelegate.swift */; };
		A933E7641DDBB4B600A59DF1 /* RecordSoundsVIewController.swift in Sources */ = {isa = PBXBuildFile; fileRef = A933E7631DDBB4B600A59DF1 /* RecordSoundsVIewController.swift */; };
		A933E7671DDBB4B600A59DF1 /* Main.storyboard in Resources */ = {isa = PBXBuildFile; fileRef = A933E7651DDBB4B600A59DF1 /* Main.storyboard */; };
		A933E7691DDBB4B600A59DF1 /* Assets.xcassets in Resources */ = {isa = PBXBuildFile; fileRef = A933E7681DDBB4B600A59DF1 /* Assets.xcassets */; };
		A933E76C1DDBB4B600A59DF1 /* LaunchScreen.storyboard in Resources */ = {isa = PBXBuildFile; fileRef = A933E76A1DDBB4B600A59DF1 /* LaunchScreen.storyboard */; };
		A958E38B1E2C23C300B05F9D /* PlaySoundsViewController.swift in Sources */ = {isa = PBXBuildFile; fileRef = A958E38A1E2C23C300B05F9D /* PlaySoundsViewController.swift */; };
		A9FC9B1B1E353F3F002C2337 /* PlaySoundsViewController+Audio.swift in Sources */ = {isa = PBXBuildFile; fileRef = A9FC9B1A1E353F3F002C2337 /* PlaySoundsViewController+Audio.swift */; };
/* End PBXBuildFile section */

/* Begin PBXFileReference section */
		A933E75E1DDBB4B600A59DF1 /* PitchPerfect.app */ = {isa = PBXFileReference; explicitFileType = wrapper.application; includeInIndex = 0; path = PitchPerfect.app; sourceTree = BUILT_PRODUCTS_DIR; };
		A933E7611DDBB4B600A59DF1 /* AppDelegate.swift */ = {isa = PBXFileReference; lastKnownFileType = sourcecode.swift; path = AppDelegate.swift; sourceTree = "<group>"; };
		A933E7631DDBB4B600A59DF1 /* RecordSoundsVIewController.swift */ = {isa = PBXFileReference; lastKnownFileType = sourcecode.swift; path = RecordSoundsVIewController.swift; sourceTree = "<group>"; };
		A933E7661DDBB4B600A59DF1 /* Base */ = {isa = PBXFileReference; lastKnownFileType = file.storyboard; name = Base; path = Base.lproj/Main.storyboard; sourceTree = "<group>"; };
		A933E7681DDBB4B600A59DF1 /* Assets.xcassets */ = {isa = PBXFileReference; lastKnownFileType = folder.assetcatalog; path = Assets.xcassets; sourceTree = "<group>"; };
		A933E76B1DDBB4B600A59DF1 /* Base */ = {isa = PBXFileReference; lastKnownFileType = file.storyboard; name = Base; path = Base.lproj/LaunchScreen.storyboard; sourceTree = "<group>"; };
		A933E76D1DDBB4B600A59DF1 /* Info.plist */ = {isa = PBXFileReference; lastKnownFileType = text.plist.xml; path = Info.plist; sourceTree = "<group>"; };
		A958E38A1E2C23C300B05F9D /* PlaySoundsViewController.swift */ = {isa = PBXFileReference; fileEncoding = 4; lastKnownFileType = sourcecode.swift; path = PlaySoundsViewController.swift; sourceTree = "<group>"; };
		A9FC9B1A1E353F3F002C2337 /* PlaySoundsViewController+Audio.swift */ = {isa = PBXFileReference; fileEncoding = 4; lastKnownFileType = sourcecode.swift; path = "PlaySoundsViewController+Audio.swift"; sourceTree = "<group>"; };
/* End PBXFileReference section */

/* Begin PBXFrameworksBuildPhase section */
		A933E75B1DDBB4B600A59DF1 /* Frameworks */ = {
			isa = PBXFrameworksBuildPhase;
			buildActionMask = 2147483647;
			files = (
			);
			runOnlyForDeploymentPostprocessing = 0;
		};
/* End PBXFrameworksBuildPhase section */

/* Begin PBXGroup section */
		A933E7551DDBB4B500A59DF1 = {
			isa = PBXGroup;
			children = (
				A933E7601DDBB4B600A59DF1 /* PitchPerfect */,
				A933E75F1DDBB4B600A59DF1 /* Products */,
			);
			sourceTree = "<group>";
		};
		A933E75F1DDBB4B600A59DF1 /* Products */ = {
			isa = PBXGroup;
			children = (
				A933E75E1DDBB4B600A59DF1 /* PitchPerfect.app */,
			);
			name = Products;
			sourceTree = "<group>";
		};
		A933E7601DDBB4B600A59DF1 /* PitchPerfect */ = {
			isa = PBXGroup;
			children = (
				A933E7611DDBB4B600A59DF1 /* AppDelegate.swift */,
				A933E7631DDBB4B600A59DF1 /* RecordSoundsVIewController.swift */,
				A933E7651DDBB4B600A59DF1 /* Main.storyboard */,
				A933E7681DDBB4B600A59DF1 /* Assets.xcassets */,
				A933E76A1DDBB4B600A59DF1 /* LaunchScreen.storyboard */,
				A933E76D1DDBB4B600A59DF1 /* Info.plist */,
				A958E38A1E2C23C300B05F9D /* PlaySoundsViewController.swift */,
				A9FC9B1A1E353F3F002C2337 /* PlaySoundsViewController+Audio.swift */,
			);
			path = PitchPerfect;
			sourceTree = "<group>";
		};
/* End PBXGroup section */

/* Begin PBXNativeTarget section */
		A933E75D1DDBB4B600A59DF1 /* PitchPerfect */ = {
			isa = PBXNativeTarget;
			buildConfigurationList = A933E7701DDBB4B600A59DF1 /* Build configuration list for PBXNativeTarget "PitchPerfect" */;
			buildPhases = (
				A933E75A1DDBB4B600A59DF1 /* Sources */,
				A933E75B1DDBB4B600A59DF1 /* Frameworks */,
				A933E75C1DDBB4B600A59DF1 /* Resources */,
			);
			buildRules = (
			);
			dependencies = (
			);
			name = PitchPerfect;
			productName = PitchPerfect;
			productReference = A933E75E1DDBB4B600A59DF1 /* PitchPerfect.app */;
			productType = "com.apple.product-type.application";
		};
/* End PBXNativeTarget section */

/* Begin PBXProject section */
		A933E7561DDBB4B500A59DF1 /* Project object */ = {
			isa = PBXProject;
			attributes = {
				LastSwiftUpdateCheck = 0810;
				LastUpgradeCheck = 0820;
				ORGANIZATIONNAME = "Bruno Barbosa";
				TargetAttributes = {
					A933E75D1DDBB4B600A59DF1 = {
						CreatedOnToolsVersion = 8.1;
						ProvisioningStyle = Automatic;
					};
				};
			};
			buildConfigurationList = A933E7591DDBB4B500A59DF1 /* Build configuration list for PBXProject "PitchPerfect" */;
			compatibilityVersion = "Xcode 3.2";
			developmentRegion = English;
			hasScannedForEncodings = 0;
			knownRegions = (
				en,
				Base,
			);
			mainGroup = A933E7551DDBB4B500A59DF1;
			productRefGroup = A933E75F1DDBB4B600A59DF1 /* Products */;
			projectDirPath = "";
			projectRoot = "";
			targets = (
				A933E75D1DDBB4B600A59DF1 /* PitchPerfect */,
			);
		};
/* End PBXProject section */

/* Begin PBXResourcesBuildPhase section */
		A933E75C1DDBB4B600A59DF1 /* Resources */ = {
			isa = PBXResourcesBuildPhase;
			buildActionMask = 2147483647;
			files = (
				A933E76C1DDBB4B600A59DF1 /* LaunchScreen.storyboard in Resources */,
				A933E7691DDBB4B600A59DF1 /* Assets.xcassets in Resources */,
				A933E7671DDBB4B600A59DF1 /* Main.storyboard in Resources */,
			);
			runOnlyForDeploymentPostprocessing = 0;
		};
/* End PBXResourcesBuildPhase section */

/* Begin PBXSourcesBuildPhase section */
		A933E75A1DDBB4B600A59DF1 /* Sources */ = {
			isa = PBXSourcesBuildPhase;
			buildActionMask = 2147483647;
			files = (
				A933E7641DDBB4B600A59DF1 /* RecordSoundsVIewController.swift in Sources */,
				A958E38B1E2C23C300B05F9D /* PlaySoundsViewController.swift in Sources */,
				A933E7621DDBB4B600A59DF1 /* AppDelegate.swift in Sources */,
				A9FC9B1B1E353F3F002C2337 /* PlaySoundsViewController+Audio.swift in Sources */,
			);
			runOnlyForDeploymentPostprocessing = 0;
		};
/* End PBXSourcesBuildPhase section */

/* Begin PBXVariantGroup section */
		A933E7651DDBB4B600A59DF1 /* Main.storyboard */ = {
			isa = PBXVariantGroup;
			children = (
				A933E7661DDBB4B600A59DF1 /* Base */,
			);
			name = Main.storyboard;
			sourceTree = "<group>";
		};
		A933E76A1DDBB4B600A59DF1 /* LaunchScreen.storyboard */ = {
			isa = PBXVariantGroup;
			children = (
				A933E76B1DDBB4B600A59DF1 /* Base */,
			);
			name = LaunchScreen.storyboard;
			sourceTree = "<group>";
		};
/* End PBXVariantGroup section */

/* Begin XCBuildConfiguration section */
		A933E76E1DDBB4B600A59DF1 /* Debug */ = {
			isa = XCBuildConfiguration;
			buildSettings = {
				ALWAYS_SEARCH_USER_PATHS = NO;
				CLANG_ANALYZER_NONNULL = YES;
				CLANG_CXX_LANGUAGE_STANDARD = "gnu++0x";
				CLANG_CXX_LIBRARY = "libc++";
				CLANG_ENABLE_MODULES = YES;
				CLANG_ENABLE_OBJC_ARC = YES;
				CLANG_WARN_BOOL_CONVERSION = YES;
				CLANG_WARN_CONSTANT_CONVERSION = YES;
				CLANG_WARN_DIRECT_OBJC_ISA_USAGE = YES_ERROR;
				CLANG_WARN_DOCUMENTATION_COMMENTS = YES;
				CLANG_WARN_EMPTY_BODY = YES;
				CLANG_WARN_ENUM_CONVERSION = YES;
				CLANG_WARN_INFINITE_RECURSION = YES;
				CLANG_WARN_INT_CONVERSION = YES;
				CLANG_WARN_OBJC_ROOT_CLASS = YES_ERROR;
				CLANG_WARN_SUSPICIOUS_MOVE = YES;
				CLANG_WARN_SUSPICIOUS_MOVES = YES;
				CLANG_WARN_UNREACHABLE_CODE = YES;
				CLANG_WARN__DUPLICATE_METHOD_MATCH = YES;
				"CODE_SIGN_IDENTITY[sdk=iphoneos*]" = "iPhone Developer";
				COPY_PHASE_STRIP = NO;
				DEBUG_INFORMATION_FORMAT = dwarf;
				ENABLE_STRICT_OBJC_MSGSEND = YES;
				ENABLE_TESTABILITY = YES;
				GCC_C_LANGUAGE_STANDARD = gnu99;
				GCC_DYNAMIC_NO_PIC = NO;
				GCC_NO_COMMON_BLOCKS = YES;
				GCC_OPTIMIZATION_LEVEL = 0;
				GCC_PREPROCESSOR_DEFINITIONS = (
					"DEBUG=1",
					"$(inherited)",
				);
				GCC_WARN_64_TO_32_BIT_CONVERSION = YES;
				GCC_WARN_ABOUT_RETURN_TYPE = YES_ERROR;
				GCC_WARN_UNDECLARED_SELECTOR = YES;
				GCC_WARN_UNINITIALIZED_AUTOS = YES_AGGRESSIVE;
				GCC_WARN_UNUSED_FUNCTION = YES;
				GCC_WARN_UNUSED_VARIABLE = YES;
				IPHONEOS_DEPLOYMENT_TARGET = 10.1;
				MTL_ENABLE_DEBUG_INFO = YES;
				ONLY_ACTIVE_ARCH = YES;
				SDKROOT = iphoneos;
				SWIFT_ACTIVE_COMPILATION_CONDITIONS = DEBUG;
				SWIFT_OPTIMIZATION_LEVEL = "-Onone";
				TARGETED_DEVICE_FAMILY = "1,2";
			};
			name = Debug;
		};
		A933E76F1DDBB4B600A59DF1 /* Release */ = {
			isa = XCBuildConfiguration;
			buildSettings = {
				ALWAYS_SEARCH_USER_PATHS = NO;
				CLANG_ANALYZER_NONNULL = YES;
				CLANG_CXX_LANGUAGE_STANDARD = "gnu++0x";
				CLANG_CXX_LIBRARY = "libc++";
				CLANG_ENABLE_MODULES = YES;
				CLANG_ENABLE_OBJC_ARC = YES;
				CLANG_WARN_BOOL_CONVERSION = YES;
				CLANG_WARN_CONSTANT_CONVERSION = YES;
				CLANG_WARN_DIRECT_OBJC_ISA_USAGE = YES_ERROR;
				CLANG_WARN_DOCUMENTATION_COMMENTS = YES;
				CLANG_WARN_EMPTY_BODY = YES;
				CLANG_WARN_ENUM_CONVERSION = YES;
				CLANG_WARN_INFINITE_RECURSION = YES;
				CLANG_WARN_INT_CONVERSION = YES;
				CLANG_WARN_OBJC_ROOT_CLASS = YES_ERROR;
				CLANG_WARN_SUSPICIOUS_MOVE = YES;
				CLANG_WARN_SUSPICIOUS_MOVES = YES;
				CLANG_WARN_UNREACHABLE_CODE = YES;
				CLANG_WARN__DUPLICATE_METHOD_MATCH = YES;
				"CODE_SIGN_IDENTITY[sdk=iphoneos*]" = "iPhone Developer";
				COPY_PHASE_STRIP = NO;
				DEBUG_INFORMATION_FORMAT = "dwarf-with-dsym";
				ENABLE_NS_ASSERTIONS = NO;
				ENABLE_STRICT_OBJC_MSGSEND = YES;
				GCC_C_LANGUAGE_STANDARD = gnu99;
				GCC_NO_COMMON_BLOCKS = YES;
				GCC_WARN_64_TO_32_BIT_CONVERSION = YES;
				GCC_WARN_ABOUT_RETURN_TYPE = YES_ERROR;
				GCC_WARN_UNDECLARED_SELECTOR = YES;
				GCC_WARN_UNINITIALIZED_AUTOS = YES_AGGRESSIVE;
				GCC_WARN_UNUSED_FUNCTION = YES;
				GCC_WARN_UNUSED_VARIABLE = YES;
				IPHONEOS_DEPLOYMENT_TARGET = 10.1;
				MTL_ENABLE_DEBUG_INFO = NO;
				SDKROOT = iphoneos;
				SWIFT_OPTIMIZATION_LEVEL = "-Owholemodule";
				TARGETED_DEVICE_FAMILY = "1,2";
				VALIDATE_PRODUCT = YES;
			};
			name = Release;
		};
		A933E7711DDBB4B600A59DF1 /* Debug */ = {
			isa = XCBuildConfiguration;
			buildSettings = {
				ASSETCATALOG_COMPILER_APPICON_NAME = AppIcon;
				INFOPLIST_FILE = PitchPerfect/Info.plist;
				LD_RUNPATH_SEARCH_PATHS = "$(inherited) @executable_path/Frameworks";
				PRODUCT_BUNDLE_IDENTIFIER = com.udacity.PitchPerfect;
				PRODUCT_NAME = "$(TARGET_NAME)";
				SWIFT_VERSION = 3.0;
			};
			name = Debug;
		};
		A933E7721DDBB4B600A59DF1 /* Release */ = {
			isa = XCBuildConfiguration;
			buildSettings = {
				ASSETCATALOG_COMPILER_APPICON_NAME = AppIcon;
				INFOPLIST_FILE = PitchPerfect/Info.plist;
				LD_RUNPATH_SEARCH_PATHS = "$(inherited) @executable_path/Frameworks";
				PRODUCT_BUNDLE_IDENTIFIER = com.udacity.PitchPerfect;
				PRODUCT_NAME = "$(TARGET_NAME)";
				SWIFT_VERSION = 3.0;
			};
			name = Release;
		};
/* End XCBuildConfiguration section */

/* Begin XCConfigurationList section */
		A933E7591DDBB4B500A59DF1 /* Build configuration list for PBXProject "PitchPerfect" */ = {
			isa = XCConfigurationList;
			buildConfigurations = (
				A933E76E1DDBB4B600A59DF1 /* Debug */,
				A933E76F1DDBB4B600A59DF1 /* Release */,
			);
			defaultConfigurationIsVisible = 0;
			defaultConfigurationName = Release;
		};
		A933E7701DDBB4B600A59DF1 /* Build configuration list for PBXNativeTarget "PitchPerfect" */ = {
			isa = XCConfigurationList;
			buildConfigurations = (
				A933E7711DDBB4B600A59DF1 /* Debug */,
				A933E7721DDBB4B600A59DF1 /* Release */,
			);
			defaultConfigurationIsVisible = 0;
			defaultConfigurationName = Release;
		};
/* End XCConfigurationList section */
	};
	rootObject = A933E7561DDBB4B500A59DF1 /* Project object */;
}
